# THIS IS AN AUTOGENERATED FILE. DO NOT EDIT THIS FILE DIRECTLY.
# yarn lockfile v1


"@chialab/dna@^3.4.0":
  version "3.21.6"
  resolved "https://registry.npmjs.org/@chialab/dna/-/dna-3.21.6.tgz"
  integrity sha512-rjwcN8cw14Y/xcLIIDzzyrJ5LZ9GUsLL7CImb1T9Y7/rqqwS9iW10WeBHDHCaM6tjlG2jRfS1XYR28SM2dVWQQ==
  dependencies:
    "@types/jsdom" "^16.0.0"

"@chialab/loock@^3.2.9":
  version "3.2.9"
  resolved "https://registry.npmjs.org/@chialab/loock/-/loock-3.2.9.tgz"
  integrity sha512-eHQCdVBe1dhlWvXzmJIIB9OAimXJFT1D/qCtIuafmjzo7IOzmdXGPDl06f2hmPMGBiXpsr7aiECZF81+SwQu6Q==
  dependencies:
    "@chialab/dna" "^3.4.0"

"@types/jsdom@^16.0.0":
  version "16.2.15"
  resolved "https://registry.npmjs.org/@types/jsdom/-/jsdom-16.2.15.tgz"
  integrity sha512-nwF87yjBKuX/roqGYerZZM0Nv1pZDMAT5YhOHYeM/72Fic+VEqJh4nyoqoapzJnW3pUlfxPY5FhgsJtM+dRnQQ==
  dependencies:
    "@types/node" "*"
    "@types/parse5" "^6.0.3"
    "@types/tough-cookie" "*"

"@types/node@*":
  version "18.15.3"
  resolved "https://registry.npmjs.org/@types/node/-/node-18.15.3.tgz"
  integrity sha512-p6ua9zBxz5otCmbpb5D3U4B5Nanw6Pk3PPyX05xnxbB/fRv71N7CPmORg7uAD5P70T0xmx1pzAx/FUfa5X+3cw==

"@types/parse5@^6.0.3":
  version "6.0.3"
  resolved "https://registry.npmjs.org/@types/parse5/-/parse5-6.0.3.tgz"
  integrity sha512-SuT16Q1K51EAVPz1K29DJ/sXjhSQ0zjvsypYJ6tlwVsRV9jwW5Adq2ch8Dq8kDBCkYnELS7N7VNCSB5nC56t/g==

"@types/tough-cookie@*":
  version "4.0.2"
  resolved "https://registry.npmjs.org/@types/tough-cookie/-/tough-cookie-4.0.2.tgz"
  integrity sha512-Q5vtl1W5ue16D+nIaW8JWebSSraJVlK+EthKn7e7UcD4KWsaSJ8BqGPXNaPghgtcn/fhvrN17Tv8ksUsQpiplw==

darkreader@^4.9.58:
  version "4.9.58"
  resolved "https://registry.npmjs.org/darkreader/-/darkreader-4.9.58.tgz"
  integrity sha512-D/JGoJqW3m2AWBLhO+Pev+eThfs+CwRT4bcLb/1zKjql2yVwG0lx8C2XRDdSVGHw4y11n26W7syWoBpUfuhMqQ==

lightgallery@^2.7.1:
  version "2.7.1"
  resolved "https://registry.npmjs.org/lightgallery/-/lightgallery-2.7.1.tgz"
  integrity sha512-NbXOzD2APY1OhOOn464jDsBZBaCRahUoLvBxhDFxvwJeC8hCkCIPYSjGgGTYINxVK09DKMsNDJzRr1ngH5nDdg==

re-template-tag@^2.0.1:
  version "2.0.1"
  resolved "https://registry.npmjs.org/re-template-tag/-/re-template-tag-2.0.1.tgz"
  integrity sha512-TkxjSTkKDTKjSrflkkUDHd/2RDQuwoYPdrdNtTcDG0wD2EeT5FeeWe1QANwKe4BwOC5kN8a7QnvSAgSz7mRhwQ==
